// !$*UTF8*$!
{
	archiveVersion = 1;
	classes = {
	};
	objectVersion = 56;
	objects = {

/* Begin PBXBuildFile section */
		28AF67842B7C1B4C00124377 /* AppDelegate.swift in Sources */ = {isa = PBXBuildFile; fileRef = 28AF67832B7C1B4C00124377 /* AppDelegate.swift */; };
		28AF67862B7C1B4C00124377 /* SceneDelegate.swift in Sources */ = {isa = PBXBuildFile; fileRef = 28AF67852B7C1B4C00124377 /* SceneDelegate.swift */; };
		28AF67882B7C1B4C00124377 /* LoginViewController.swift in Sources */ = {isa = PBXBuildFile; fileRef = 28AF67872B7C1B4C00124377 /* LoginViewController.swift */; };
		28AF678B2B7C1B4C00124377 /* Main.storyboard in Resources */ = {isa = PBXBuildFile; fileRef = 28AF67892B7C1B4C00124377 /* Main.storyboard */; };
		28AF678D2B7C1B4E00124377 /* Assets.xcassets in Resources */ = {isa = PBXBuildFile; fileRef = 28AF678C2B7C1B4E00124377 /* Assets.xcassets */; };
		28AF67902B7C1B4E00124377 /* LaunchScreen.storyboard in Resources */ = {isa = PBXBuildFile; fileRef = 28AF678E2B7C1B4E00124377 /* LaunchScreen.storyboard */; };
		28AF679A2B7C1ED400124377 /* WelcomeViewController.swift in Sources */ = {isa = PBXBuildFile; fileRef = 28AF67992B7C1ED400124377 /* WelcomeViewController.swift */; };
		28AF679C2B7CD72900124377 /* InfoViewController.swift in Sources */ = {isa = PBXBuildFile; fileRef = 28AF679B2B7CD72900124377 /* InfoViewController.swift */; };
		28AF679E2B7CD89C00124377 /* BioViewController.swift in Sources */ = {isa = PBXBuildFile; fileRef = 28AF679D2B7CD89C00124377 /* BioViewController.swift */; };
		28AF67A42B7CEE6A00124377 /* Person.swift in Sources */ = {isa = PBXBuildFile; fileRef = 28AF67A32B7CEE6A00124377 /* Person.swift */; };
		28AF67A62B7CEE9900124377 /* User.swift in Sources */ = {isa = PBXBuildFile; fileRef = 28AF67A52B7CEE9900124377 /* User.swift */; };
		28AF67A82B7CF70D00124377 /* avatar.jpg in Resources */ = {isa = PBXBuildFile; fileRef = 28AF67A72B7CF70D00124377 /* avatar.jpg */; };
/* End PBXBuildFile section */

/* Begin PBXFileReference section */
		28AF67802B7C1B4C00124377 /* AboutMeApp.app */ = {isa = PBXFileReference; explicitFileType = wrapper.application; includeInIndex = 0; path = AboutMeApp.app; sourceTree = BUILT_PRODUCTS_DIR; };
		28AF67832B7C1B4C00124377 /* AppDelegate.swift */ = {isa = PBXFileReference; lastKnownFileType = sourcecode.swift; path = AppDelegate.swift; sourceTree = "<group>"; };
		28AF67852B7C1B4C00124377 /* SceneDelegate.swift */ = {isa = PBXFileReference; lastKnownFileType = sourcecode.swift; path = SceneDelegate.swift; sourceTree = "<group>"; };
		28AF67872B7C1B4C00124377 /* LoginViewController.swift */ = {isa = PBXFileReference; lastKnownFileType = sourcecode.swift; path = LoginViewController.swift; sourceTree = "<group>"; };
		28AF678A2B7C1B4C00124377 /* Base */ = {isa = PBXFileReference; lastKnownFileType = file.storyboard; name = Base; path = Base.lproj/Main.storyboard; sourceTree = "<group>"; };
		28AF678C2B7C1B4E00124377 /* Assets.xcassets */ = {isa = PBXFileReference; lastKnownFileType = folder.assetcatalog; path = Assets.xcassets; sourceTree = "<group>"; };
		28AF678F2B7C1B4E00124377 /* Base */ = {isa = PBXFileReference; lastKnownFileType = file.storyboard; name = Base; path = Base.lproj/LaunchScreen.storyboard; sourceTree = "<group>"; };
		28AF67912B7C1B4E00124377 /* Info.plist */ = {isa = PBXFileReference; lastKnownFileType = text.plist.xml; path = Info.plist; sourceTree = "<group>"; };
		28AF67992B7C1ED400124377 /* WelcomeViewController.swift */ = {isa = PBXFileReference; lastKnownFileType = sourcecode.swift; path = WelcomeViewController.swift; sourceTree = "<group>"; };
		28AF679B2B7CD72900124377 /* InfoViewController.swift */ = {isa = PBXFileReference; lastKnownFileType = sourcecode.swift; path = InfoViewController.swift; sourceTree = "<group>"; };
		28AF679D2B7CD89C00124377 /* BioViewController.swift */ = {isa = PBXFileReference; lastKnownFileType = sourcecode.swift; path = BioViewController.swift; sourceTree = "<group>"; };
		28AF67A32B7CEE6A00124377 /* Person.swift */ = {isa = PBXFileReference; lastKnownFileType = sourcecode.swift; path = Person.swift; sourceTree = "<group>"; };
		28AF67A52B7CEE9900124377 /* User.swift */ = {isa = PBXFileReference; lastKnownFileType = sourcecode.swift; path = User.swift; sourceTree = "<group>"; };
		28AF67A72B7CF70D00124377 /* avatar.jpg */ = {isa = PBXFileReference; lastKnownFileType = image.jpeg; name = avatar.jpg; path = ../../../avatar.jpg; sourceTree = "<group>"; };
/* End PBXFileReference section */

/* Begin PBXFrameworksBuildPhase section */
		28AF677D2B7C1B4C00124377 /* Frameworks */ = {
			isa = PBXFrameworksBuildPhase;
			buildActionMask = 2147483647;
			files = (
			);
			runOnlyForDeploymentPostprocessing = 0;
		};
/* End PBXFrameworksBuildPhase section */

/* Begin PBXGroup section */
		28AF67772B7C1B4C00124377 = {
			isa = PBXGroup;
			children = (
				28AF67822B7C1B4C00124377 /* AboutMeApp */,
				28AF67812B7C1B4C00124377 /* Products */,
			);
			sourceTree = "<group>";
		};
		28AF67812B7C1B4C00124377 /* Products */ = {
			isa = PBXGroup;
			children = (
				28AF67802B7C1B4C00124377 /* AboutMeApp.app */,
			);
			name = Products;
			sourceTree = "<group>";
		};
		28AF67822B7C1B4C00124377 /* AboutMeApp */ = {
			isa = PBXGroup;
			children = (
				28AF67A02B7CE2BD00124377 /* ViewControllers */,
				28AF67A22B7CE34300124377 /* Models */,
				28AF67A12B7CE2EB00124377 /* Storyboards */,
				28AF679F2B7CE20700124377 /* App */,
				28AF678C2B7C1B4E00124377 /* Assets.xcassets */,
				28AF67A72B7CF70D00124377 /* avatar.jpg */,
			);
			path = AboutMeApp;
			sourceTree = "<group>";
		};
		28AF679F2B7CE20700124377 /* App */ = {
			isa = PBXGroup;
			children = (
				28AF67832B7C1B4C00124377 /* AppDelegate.swift */,
				28AF67852B7C1B4C00124377 /* SceneDelegate.swift */,
				28AF67912B7C1B4E00124377 /* Info.plist */,
			);
			path = App;
			sourceTree = "<group>";
		};
		28AF67A02B7CE2BD00124377 /* ViewControllers */ = {
			isa = PBXGroup;
			children = (
				28AF67872B7C1B4C00124377 /* LoginViewController.swift */,
				28AF67992B7C1ED400124377 /* WelcomeViewController.swift */,
				28AF679B2B7CD72900124377 /* InfoViewController.swift */,
				28AF679D2B7CD89C00124377 /* BioViewController.swift */,
			);
			path = ViewControllers;
			sourceTree = "<group>";
		};
		28AF67A12B7CE2EB00124377 /* Storyboards */ = {
			isa = PBXGroup;
			children = (
				28AF67892B7C1B4C00124377 /* Main.storyboard */,
				28AF678E2B7C1B4E00124377 /* LaunchScreen.storyboard */,
			);
			path = Storyboards;
			sourceTree = "<group>";
		};
		28AF67A22B7CE34300124377 /* Models */ = {
			isa = PBXGroup;
			children = (
				28AF67A32B7CEE6A00124377 /* Person.swift */,
				28AF67A52B7CEE9900124377 /* User.swift */,
			);
			path = Models;
			sourceTree = "<group>";
		};
/* End PBXGroup section */

/* Begin PBXNativeTarget section */
		28AF677F2B7C1B4C00124377 /* AboutMeApp */ = {
			isa = PBXNativeTarget;
			buildConfigurationList = 28AF67942B7C1B4E00124377 /* Build configuration list for PBXNativeTarget "AboutMeApp" */;
			buildPhases = (
				28AF677C2B7C1B4C00124377 /* Sources */,
				28AF677D2B7C1B4C00124377 /* Frameworks */,
				28AF677E2B7C1B4C00124377 /* Resources */,
			);
			buildRules = (
			);
			dependencies = (
			);
			name = AboutMeApp;
			productName = AboutMeApp;
			productReference = 28AF67802B7C1B4C00124377 /* AboutMeApp.app */;
			productType = "com.apple.product-type.application";
		};
/* End PBXNativeTarget section */

/* Begin PBXProject section */
		28AF67782B7C1B4C00124377 /* Project object */ = {
			isa = PBXProject;
			attributes = {
				BuildIndependentTargetsInParallel = 1;
				LastSwiftUpdateCheck = 1520;
				LastUpgradeCheck = 1520;
				TargetAttributes = {
					28AF677F2B7C1B4C00124377 = {
						CreatedOnToolsVersion = 15.2;
					};
				};
			};
			buildConfigurationList = 28AF677B2B7C1B4C00124377 /* Build configuration list for PBXProject "AboutMeApp" */;
			compatibilityVersion = "Xcode 14.0";
			developmentRegion = en;
			hasScannedForEncodings = 0;
			knownRegions = (
				en,
				Base,
			);
			mainGroup = 28AF67772B7C1B4C00124377;
			productRefGroup = 28AF67812B7C1B4C00124377 /* Products */;
			projectDirPath = "";
			projectRoot = "";
			targets = (
				28AF677F2B7C1B4C00124377 /* AboutMeApp */,
			);
		};
/* End PBXProject section */

/* Begin PBXResourcesBuildPhase section */
		28AF677E2B7C1B4C00124377 /* Resources */ = {
			isa = PBXResourcesBuildPhase;
			buildActionMask = 2147483647;
			files = (
				28AF67A82B7CF70D00124377 /* avatar.jpg in Resources */,
				28AF67902B7C1B4E00124377 /* LaunchScreen.storyboard in Resources */,
				28AF678D2B7C1B4E00124377 /* Assets.xcassets in Resources */,
				28AF678B2B7C1B4C00124377 /* Main.storyboard in Resources */,
			);
			runOnlyForDeploymentPostprocessing = 0;
		};
/* End PBXResourcesBuildPhase section */

/* Begin PBXSourcesBuildPhase section */
		28AF677C2B7C1B4C00124377 /* Sources */ = {
			isa = PBXSourcesBuildPhase;
			buildActionMask = 2147483647;
			files = (
				28AF67882B7C1B4C00124377 /* LoginViewController.swift in Sources */,
				28AF679A2B7C1ED400124377 /* WelcomeViewController.swift in Sources */,
				28AF679C2B7CD72900124377 /* InfoViewController.swift in Sources */,
				28AF67842B7C1B4C00124377 /* AppDelegate.swift in Sources */,
				28AF67A62B7CEE9900124377 /* User.swift in Sources */,
				28AF67A42B7CEE6A00124377 /* Person.swift in Sources */,
				28AF67862B7C1B4C00124377 /* SceneDelegate.swift in Sources */,
				28AF679E2B7CD89C00124377 /* BioViewController.swift in Sources */,
			);
			runOnlyForDeploymentPostprocessing = 0;
		};
/* End PBXSourcesBuildPhase section */

/* Begin PBXVariantGroup section */
		28AF67892B7C1B4C00124377 /* Main.storyboard */ = {
			isa = PBXVariantGroup;
			children = (
				28AF678A2B7C1B4C00124377 /* Base */,
			);
			name = Main.storyboard;
			sourceTree = "<group>";
		};
		28AF678E2B7C1B4E00124377 /* LaunchScreen.storyboard */ = {
			isa = PBXVariantGroup;
			children = (
				28AF678F2B7C1B4E00124377 /* Base */,
			);
			name = LaunchScreen.storyboard;
			sourceTree = "<group>";
		};
/* End PBXVariantGroup section */

/* Begin XCBuildConfiguration section */
		28AF67922B7C1B4E00124377 /* Debug */ = {
			isa = XCBuildConfiguration;
			buildSettings = {
				ALWAYS_SEARCH_USER_PATHS = NO;
				ASSETCATALOG_COMPILER_GENERATE_SWIFT_ASSET_SYMBOL_EXTENSIONS = YES;
				CLANG_ANALYZER_NONNULL = YES;
				CLANG_ANALYZER_NUMBER_OBJECT_CONVERSION = YES_AGGRESSIVE;
				CLANG_CXX_LANGUAGE_STANDARD = "gnu++20";
				CLANG_ENABLE_MODULES = YES;
				CLANG_ENABLE_OBJC_ARC = YES;
				CLANG_ENABLE_OBJC_WEAK = YES;
				CLANG_WARN_BLOCK_CAPTURE_AUTORELEASING = YES;
				CLANG_WARN_BOOL_CONVERSION = YES;
				CLANG_WARN_COMMA = YES;
				CLANG_WARN_CONSTANT_CONVERSION = YES;
				CLANG_WARN_DEPRECATED_OBJC_IMPLEMENTATIONS = YES;
				CLANG_WARN_DIRECT_OBJC_ISA_USAGE = YES_ERROR;
				CLANG_WARN_DOCUMENTATION_COMMENTS = YES;
				CLANG_WARN_EMPTY_BODY = YES;
				CLANG_WARN_ENUM_CONVERSION = YES;
				CLANG_WARN_INFINITE_RECURSION = YES;
				CLANG_WARN_INT_CONVERSION = YES;
				CLANG_WARN_NON_LITERAL_NULL_CONVERSION = YES;
				CLANG_WARN_OBJC_IMPLICIT_RETAIN_SELF = YES;
				CLANG_WARN_OBJC_LITERAL_CONVERSION = YES;
				CLANG_WARN_OBJC_ROOT_CLASS = YES_ERROR;
				CLANG_WARN_QUOTED_INCLUDE_IN_FRAMEWORK_HEADER = YES;
				CLANG_WARN_RANGE_LOOP_ANALYSIS = YES;
				CLANG_WARN_STRICT_PROTOTYPES = YES;
				CLANG_WARN_SUSPICIOUS_MOVE = YES;
				CLANG_WARN_UNGUARDED_AVAILABILITY = YES_AGGRESSIVE;
				CLANG_WARN_UNREACHABLE_CODE = YES;
				CLANG_WARN__DUPLICATE_METHOD_MATCH = YES;
				COPY_PHASE_STRIP = NO;
				DEBUG_INFORMATION_FORMAT = dwarf;
				ENABLE_STRICT_OBJC_MSGSEND = YES;
				ENABLE_TESTABILITY = YES;
				ENABLE_USER_SCRIPT_SANDBOXING = YES;
				GCC_C_LANGUAGE_STANDARD = gnu17;
				GCC_DYNAMIC_NO_PIC = NO;
				GCC_NO_COMMON_BLOCKS = YES;
				GCC_OPTIMIZATION_LEVEL = 0;
				GCC_PREPROCESSOR_DEFINITIONS = (
					"DEBUG=1",
					"$(inherited)",
				);
				GCC_WARN_64_TO_32_BIT_CONVERSION = YES;
				GCC_WARN_ABOUT_RETURN_TYPE = YES_ERROR;
				GCC_WARN_UNDECLARED_SELECTOR = YES;
				GCC_WARN_UNINITIALIZED_AUTOS = YES_AGGRESSIVE;
				GCC_WARN_UNUSED_FUNCTION = YES;
				GCC_WARN_UNUSED_VARIABLE = YES;
				IPHONEOS_DEPLOYMENT_TARGET = 17.2;
				LOCALIZATION_PREFERS_STRING_CATALOGS = YES;
				MTL_ENABLE_DEBUG_INFO = INCLUDE_SOURCE;
				MTL_FAST_MATH = YES;
				ONLY_ACTIVE_ARCH = YES;
				SDKROOT = iphoneos;
				SWIFT_ACTIVE_COMPILATION_CONDITIONS = "DEBUG $(inherited)";
				SWIFT_OPTIMIZATION_LEVEL = "-Onone";
			};
			name = Debug;
		};
		28AF67932B7C1B4E00124377 /* Release */ = {
			isa = XCBuildConfiguration;
			buildSettings = {
				ALWAYS_SEARCH_USER_PATHS = NO;
				ASSETCATALOG_COMPILER_GENERATE_SWIFT_ASSET_SYMBOL_EXTENSIONS = YES;
				CLANG_ANALYZER_NONNULL = YES;
				CLANG_ANALYZER_NUMBER_OBJECT_CONVERSION = YES_AGGRESSIVE;
				CLANG_CXX_LANGUAGE_STANDARD = "gnu++20";
				CLANG_ENABLE_MODULES = YES;
				CLANG_ENABLE_OBJC_ARC = YES;
				CLANG_ENABLE_OBJC_WEAK = YES;
				CLANG_WARN_BLOCK_CAPTURE_AUTORELEASING = YES;
				CLANG_WARN_BOOL_CONVERSION = YES;
				CLANG_WARN_COMMA = YES;
				CLANG_WARN_CONSTANT_CONVERSION = YES;
				CLANG_WARN_DEPRECATED_OBJC_IMPLEMENTATIONS = YES;
				CLANG_WARN_DIRECT_OBJC_ISA_USAGE = YES_ERROR;
				CLANG_WARN_DOCUMENTATION_COMMENTS = YES;
				CLANG_WARN_EMPTY_BODY = YES;
				CLANG_WARN_ENUM_CONVERSION = YES;
				CLANG_WARN_INFINITE_RECURSION = YES;
				CLANG_WARN_INT_CONVERSION = YES;
				CLANG_WARN_NON_LITERAL_NULL_CONVERSION = YES;
				CLANG_WARN_OBJC_IMPLICIT_RETAIN_SELF = YES;
				CLANG_WARN_OBJC_LITERAL_CONVERSION = YES;
				CLANG_WARN_OBJC_ROOT_CLASS = YES_ERROR;
				CLANG_WARN_QUOTED_INCLUDE_IN_FRAMEWORK_HEADER = YES;
				CLANG_WARN_RANGE_LOOP_ANALYSIS = YES;
				CLANG_WARN_STRICT_PROTOTYPES = YES;
				CLANG_WARN_SUSPICIOUS_MOVE = YES;
				CLANG_WARN_UNGUARDED_AVAILABILITY = YES_AGGRESSIVE;
				CLANG_WARN_UNREACHABLE_CODE = YES;
				CLANG_WARN__DUPLICATE_METHOD_MATCH = YES;
				COPY_PHASE_STRIP = NO;
				DEBUG_INFORMATION_FORMAT = "dwarf-with-dsym";
				ENABLE_NS_ASSERTIONS = NO;
				ENABLE_STRICT_OBJC_MSGSEND = YES;
				ENABLE_USER_SCRIPT_SANDBOXING = YES;
				GCC_C_LANGUAGE_STANDARD = gnu17;
				GCC_NO_COMMON_BLOCKS = YES;
				GCC_WARN_64_TO_32_BIT_CONVERSION = YES;
				GCC_WARN_ABOUT_RETURN_TYPE = YES_ERROR;
				GCC_WARN_UNDECLARED_SELECTOR = YES;
				GCC_WARN_UNINITIALIZED_AUTOS = YES_AGGRESSIVE;
				GCC_WARN_UNUSED_FUNCTION = YES;
				GCC_WARN_UNUSED_VARIABLE = YES;
				IPHONEOS_DEPLOYMENT_TARGET = 17.2;
				LOCALIZATION_PREFERS_STRING_CATALOGS = YES;
				MTL_ENABLE_DEBUG_INFO = NO;
				MTL_FAST_MATH = YES;
				SDKROOT = iphoneos;
				SWIFT_COMPILATION_MODE = wholemodule;
				VALIDATE_PRODUCT = YES;
			};
			name = Release;
		};
		28AF67952B7C1B4E00124377 /* Debug */ = {
			isa = XCBuildConfiguration;
			buildSettings = {
				ASSETCATALOG_COMPILER_APPICON_NAME = AppIcon;
				ASSETCATALOG_COMPILER_GLOBAL_ACCENT_COLOR_NAME = AccentColor;
				CODE_SIGN_STYLE = Automatic;
				CURRENT_PROJECT_VERSION = 1;
				DEVELOPMENT_TEAM = N79RHG2K28;
				GENERATE_INFOPLIST_FILE = YES;
				INFOPLIST_FILE = AboutMeApp/App/Info.plist;
				INFOPLIST_KEY_UIApplicationSupportsIndirectInputEvents = YES;
				INFOPLIST_KEY_UILaunchStoryboardName = LaunchScreen;
				INFOPLIST_KEY_UIMainStoryboardFile = Main;
				INFOPLIST_KEY_UISupportedInterfaceOrientations = UIInterfaceOrientationPortrait;
				INFOPLIST_KEY_UISupportedInterfaceOrientations_iPad = "UIInterfaceOrientationLandscapeLeft UIInterfaceOrientationLandscapeRight UIInterfaceOrientationPortrait UIInterfaceOrientationPortraitUpsideDown";
				IPHONEOS_DEPLOYMENT_TARGET = 16.0;
				LD_RUNPATH_SEARCH_PATHS = (
					"$(inherited)",
					"@executable_path/Frameworks",
				);
				MARKETING_VERSION = 1.0;
				PRODUCT_BUNDLE_IDENTIFIER = "amaya-saudade.AboutMeApp";
				PRODUCT_NAME = "$(TARGET_NAME)";
				SUPPORTED_PLATFORMS = "iphoneos iphonesimulator";
				SUPPORTS_MACCATALYST = NO;
				SUPPORTS_MAC_DESIGNED_FOR_IPHONE_IPAD = NO;
				SUPPORTS_XR_DESIGNED_FOR_IPHONE_IPAD = NO;
				SWIFT_EMIT_LOC_STRINGS = YES;
				SWIFT_VERSION = 5.0;
				TARGETED_DEVICE_FAMILY = 1;
			};
			name = Debug;
		};
		28AF67962B7C1B4E00124377 /* Release */ = {
			isa = XCBuildConfiguration;
			buildSettings = {
				ASSETCATALOG_COMPILER_APPICON_NAME = AppIcon;
				ASSETCATALOG_COMPILER_GLOBAL_ACCENT_COLOR_NAME = AccentColor;
				CODE_SIGN_STYLE = Automatic;
				CURRENT_PROJECT_VERSION = 1;
				DEVELOPMENT_TEAM = N79RHG2K28;
				GENERATE_INFOPLIST_FILE = YES;
				INFOPLIST_FILE = AboutMeApp/App/Info.plist;
				INFOPLIST_KEY_UIApplicationSupportsIndirectInputEvents = YES;
				INFOPLIST_KEY_UILaunchStoryboardName = LaunchScreen;
				INFOPLIST_KEY_UIMainStoryboardFile = Main;
				INFOPLIST_KEY_UISupportedInterfaceOrientations = UIInterfaceOrientationPortrait;
				INFOPLIST_KEY_UISupportedInterfaceOrientations_iPad = "UIInterfaceOrientationLandscapeLeft UIInterfaceOrientationLandscapeRight UIInterfaceOrientationPortrait UIInterfaceOrientationPortraitUpsideDown";
				IPHONEOS_DEPLOYMENT_TARGET = 16.0;
				LD_RUNPATH_SEARCH_PATHS = (
					"$(inherited)",
					"@executable_path/Frameworks",
				);
				MARKETING_VERSION = 1.0;
				PRODUCT_BUNDLE_IDENTIFIER = "amaya-saudade.AboutMeApp";
				PRODUCT_NAME = "$(TARGET_NAME)";
				SUPPORTED_PLATFORMS = "iphoneos iphonesimulator";
				SUPPORTS_MACCATALYST = NO;
				SUPPORTS_MAC_DESIGNED_FOR_IPHONE_IPAD = NO;
				SUPPORTS_XR_DESIGNED_FOR_IPHONE_IPAD = NO;
				SWIFT_EMIT_LOC_STRINGS = YES;
				SWIFT_VERSION = 5.0;
				TARGETED_DEVICE_FAMILY = 1;
			};
			name = Release;
		};
/* End XCBuildConfiguration section */

/* Begin XCConfigurationList section */
		28AF677B2B7C1B4C00124377 /* Build configuration list for PBXProject "AboutMeApp" */ = {
			isa = XCConfigurationList;
			buildConfigurations = (
				28AF67922B7C1B4E00124377 /* Debug */,
				28AF67932B7C1B4E00124377 /* Release */,
			);
			defaultConfigurationIsVisible = 0;
			defaultConfigurationName = Release;
		};
		28AF67942B7C1B4E00124377 /* Build configuration list for PBXNativeTarget "AboutMeApp" */ = {
			isa = XCConfigurationList;
			buildConfigurations = (
				28AF67952B7C1B4E00124377 /* Debug */,
				28AF67962B7C1B4E00124377 /* Release */,
			);
			defaultConfigurationIsVisible = 0;
			defaultConfigurationName = Release;
		};
/* End XCConfigurationList section */
	};
	rootObject = 28AF67782B7C1B4C00124377 /* Project object */;
}
